
Microsoft Visual Studio Solution File, Format Version 12.00
# Visual Studio 15
VisualStudioVersion = 15.0.27703.2035
MinimumVisualStudioVersion = 10.0.40219.1
Project("{FAE04EC0-301F-11D3-BF4B-00C04F79EFBC}") = "App01_ConsultarCEP.Android", "App01_ConsultarCEP\App01_ConsultarCEP.Android\App01_ConsultarCEP.Android.csproj", "{B331E475-A3EE-456D-AF6F-8AB5D464AE68}"
EndProject
Project("{FAE04EC0-301F-11D3-BF4B-00C04F79EFBC}") = "App01_ConsultarCEP.iOS", "App01_ConsultarCEP\App01_ConsultarCEP.iOS\App01_ConsultarCEP.iOS.csproj", "{C5EC8894-0CC3-48C5-8AD2-FFF743EEB472}"
EndProject
Project("{FAE04EC0-301F-11D3-BF4B-00C04F79EFBC}") = "App01_ConsultarCEP.UWP", "App01_ConsultarCEP\App01_ConsultarCEP.UWP\App01_ConsultarCEP.UWP.csproj", "{8E5695B8-47CC-44F2-9F2C-730E3684D465}"
EndProject
Project("{FAE04EC0-301F-11D3-BF4B-00C04F79EFBC}") = "App01_ConsultarCEP", "App01_ConsultarCEP\App01_ConsultarCEP\App01_ConsultarCEP.csproj", "{C701C25E-44E4-463F-AD27-EC760C9E8660}"
EndProject
Global
	GlobalSection(SolutionConfigurationPlatforms) = preSolution
		Ad-Hoc|Any CPU = Ad-Hoc|Any CPU
		Ad-Hoc|ARM = Ad-Hoc|ARM
		Ad-Hoc|iPhone = Ad-Hoc|iPhone
		Ad-Hoc|iPhoneSimulator = Ad-Hoc|iPhoneSimulator
		Ad-Hoc|x64 = Ad-Hoc|x64
		Ad-Hoc|x86 = Ad-Hoc|x86
		AppStore|Any CPU = AppStore|Any CPU
		AppStore|ARM = AppStore|ARM
		AppStore|iPhone = AppStore|iPhone
		AppStore|iPhoneSimulator = AppStore|iPhoneSimulator
		AppStore|x64 = AppStore|x64
		AppStore|x86 = AppStore|x86
		Debug|Any CPU = Debug|Any CPU
		Debug|ARM = Debug|ARM
		Debug|iPhone = Debug|iPhone
		Debug|iPhoneSimulator = Debug|iPhoneSimulator
		Debug|x64 = Debug|x64
		Debug|x86 = Debug|x86
		Release|Any CPU = Release|Any CPU
		Release|ARM = Release|ARM
		Release|iPhone = Release|iPhone
		Release|iPhoneSimulator = Release|iPhoneSimulator
		Release|x64 = Release|x64
		Release|x86 = Release|x86
	EndGlobalSection
	GlobalSection(ProjectConfigurationPlatforms) = postSolution
		{B331E475-A3EE-456D-AF6F-8AB5D464AE68}.Ad-Hoc|Any CPU.ActiveCfg = Release|Any CPU
		{B331E475-A3EE-456D-AF6F-8AB5D464AE68}.Ad-Hoc|Any CPU.Build.0 = Release|Any CPU
		{B331E475-A3EE-456D-AF6F-8AB5D464AE68}.Ad-Hoc|Any CPU.Deploy.0 = Release|Any CPU
		{B331E475-A3EE-456D-AF6F-8AB5D464AE68}.Ad-Hoc|ARM.ActiveCfg = Release|Any CPU
		{B331E475-A3EE-456D-AF6F-8AB5D464AE68}.Ad-Hoc|ARM.Build.0 = Release|Any CPU
		{B331E475-A3EE-456D-AF6F-8AB5D464AE68}.Ad-Hoc|ARM.Deploy.0 = Release|Any CPU
		{B331E475-A3EE-456D-AF6F-8AB5D464AE68}.Ad-Hoc|iPhone.ActiveCfg = Release|Any CPU
		{B331E475-A3EE-456D-AF6F-8AB5D464AE68}.Ad-Hoc|iPhone.Build.0 = Release|Any CPU
		{B331E475-A3EE-456D-AF6F-8AB5D464AE68}.Ad-Hoc|iPhone.Deploy.0 = Release|Any CPU
		{B331E475-A3EE-456D-AF6F-8AB5D464AE68}.Ad-Hoc|iPhoneSimulator.ActiveCfg = Release|Any CPU
		{B331E475-A3EE-456D-AF6F-8AB5D464AE68}.Ad-Hoc|iPhoneSimulator.Build.0 = Release|Any CPU
		{B331E475-A3EE-456D-AF6F-8AB5D464AE68}.Ad-Hoc|iPhoneSimulator.Deploy.0 = Release|Any CPU
		{B331E475-A3EE-456D-AF6F-8AB5D464AE68}.Ad-Hoc|x64.ActiveCfg = Release|Any CPU
		{B331E475-A3EE-456D-AF6F-8AB5D464AE68}.Ad-Hoc|x64.Build.0 = Release|Any CPU
		{B331E475-A3EE-456D-AF6F-8AB5D464AE68}.Ad-Hoc|x64.Deploy.0 = Release|Any CPU
		{B331E475-A3EE-456D-AF6F-8AB5D464AE68}.Ad-Hoc|x86.ActiveCfg = Release|Any CPU
		{B331E475-A3EE-456D-AF6F-8AB5D464AE68}.Ad-Hoc|x86.Build.0 = Release|Any CPU
		{B331E475-A3EE-456D-AF6F-8AB5D464AE68}.Ad-Hoc|x86.Deploy.0 = Release|Any CPU
		{B331E475-A3EE-456D-AF6F-8AB5D464AE68}.AppStore|Any CPU.ActiveCfg = Release|Any CPU
		{B331E475-A3EE-456D-AF6F-8AB5D464AE68}.AppStore|Any CPU.Build.0 = Release|Any CPU
		{B331E475-A3EE-456D-AF6F-8AB5D464AE68}.AppStore|Any CPU.Deploy.0 = Release|Any CPU
		{B331E475-A3EE-456D-AF6F-8AB5D464AE68}.AppStore|ARM.ActiveCfg = Release|Any CPU
		{B331E475-A3EE-456D-AF6F-8AB5D464AE68}.AppStore|ARM.Build.0 = Release|Any CPU
		{B331E475-A3EE-456D-AF6F-8AB5D464AE68}.AppStore|ARM.Deploy.0 = Release|Any CPU
		{B331E475-A3EE-456D-AF6F-8AB5D464AE68}.AppStore|iPhone.ActiveCfg = Release|Any CPU
		{B331E475-A3EE-456D-AF6F-8AB5D464AE68}.AppStore|iPhone.Build.0 = Release|Any CPU
		{B331E475-A3EE-456D-AF6F-8AB5D464AE68}.AppStore|iPhone.Deploy.0 = Release|Any CPU
		{B331E475-A3EE-456D-AF6F-8AB5D464AE68}.AppStore|iPhoneSimulator.ActiveCfg = Release|Any CPU
		{B331E475-A3EE-456D-AF6F-8AB5D464AE68}.AppStore|iPhoneSimulator.Build.0 = Release|Any CPU
		{B331E475-A3EE-456D-AF6F-8AB5D464AE68}.AppStore|iPhoneSimulator.Deploy.0 = Release|Any CPU
		{B331E475-A3EE-456D-AF6F-8AB5D464AE68}.AppStore|x64.ActiveCfg = Release|Any CPU
		{B331E475-A3EE-456D-AF6F-8AB5D464AE68}.AppStore|x64.Build.0 = Release|Any CPU
		{B331E475-A3EE-456D-AF6F-8AB5D464AE68}.AppStore|x64.Deploy.0 = Release|Any CPU
		{B331E475-A3EE-456D-AF6F-8AB5D464AE68}.AppStore|x86.ActiveCfg = Release|Any CPU
		{B331E475-A3EE-456D-AF6F-8AB5D464AE68}.AppStore|x86.Build.0 = Release|Any CPU
		{B331E475-A3EE-456D-AF6F-8AB5D464AE68}.AppStore|x86.Deploy.0 = Release|Any CPU
		{B331E475-A3EE-456D-AF6F-8AB5D464AE68}.Debug|Any CPU.ActiveCfg = Debug|Any CPU
		{B331E475-A3EE-456D-AF6F-8AB5D464AE68}.Debug|Any CPU.Build.0 = Debug|Any CPU
		{B331E475-A3EE-456D-AF6F-8AB5D464AE68}.Debug|Any CPU.Deploy.0 = Debug|Any CPU
		{B331E475-A3EE-456D-AF6F-8AB5D464AE68}.Debug|ARM.ActiveCfg = Debug|Any CPU
		{B331E475-A3EE-456D-AF6F-8AB5D464AE68}.Debug|ARM.Build.0 = Debug|Any CPU
		{B331E475-A3EE-456D-AF6F-8AB5D464AE68}.Debug|ARM.Deploy.0 = Debug|Any CPU
		{B331E475-A3EE-456D-AF6F-8AB5D464AE68}.Debug|iPhone.ActiveCfg = Debug|Any CPU
		{B331E475-A3EE-456D-AF6F-8AB5D464AE68}.Debug|iPhone.Build.0 = Debug|Any CPU
		{B331E475-A3EE-456D-AF6F-8AB5D464AE68}.Debug|iPhone.Deploy.0 = Debug|Any CPU
		{B331E475-A3EE-456D-AF6F-8AB5D464AE68}.Debug|iPhoneSimulator.ActiveCfg = Debug|Any CPU
		{B331E475-A3EE-456D-AF6F-8AB5D464AE68}.Debug|iPhoneSimulator.Build.0 = Debug|Any CPU
		{B331E475-A3EE-456D-AF6F-8AB5D464AE68}.Debug|iPhoneSimulator.Deploy.0 = Debug|Any CPU
		{B331E475-A3EE-456D-AF6F-8AB5D464AE68}.Debug|x64.ActiveCfg = Debug|Any CPU
		{B331E475-A3EE-456D-AF6F-8AB5D464AE68}.Debug|x64.Build.0 = Debug|Any CPU
		{B331E475-A3EE-456D-AF6F-8AB5D464AE68}.Debug|x64.Deploy.0 = Debug|Any CPU
		{B331E475-A3EE-456D-AF6F-8AB5D464AE68}.Debug|x86.ActiveCfg = Debug|Any CPU
		{B331E475-A3EE-456D-AF6F-8AB5D464AE68}.Debug|x86.Build.0 = Debug|Any CPU
		{B331E475-A3EE-456D-AF6F-8AB5D464AE68}.Debug|x86.Deploy.0 = Debug|Any CPU
		{B331E475-A3EE-456D-AF6F-8AB5D464AE68}.Release|Any CPU.ActiveCfg = Release|Any CPU
		{B331E475-A3EE-456D-AF6F-8AB5D464AE68}.Release|Any CPU.Build.0 = Release|Any CPU
		{B331E475-A3EE-456D-AF6F-8AB5D464AE68}.Release|Any CPU.Deploy.0 = Release|Any CPU
		{B331E475-A3EE-456D-AF6F-8AB5D464AE68}.Release|ARM.ActiveCfg = Release|Any CPU
		{B331E475-A3EE-456D-AF6F-8AB5D464AE68}.Release|ARM.Build.0 = Release|Any CPU
		{B331E475-A3EE-456D-AF6F-8AB5D464AE68}.Release|ARM.Deploy.0 = Release|Any CPU
		{B331E475-A3EE-456D-AF6F-8AB5D464AE68}.Release|iPhone.ActiveCfg = Release|Any CPU
		{B331E475-A3EE-456D-AF6F-8AB5D464AE68}.Release|iPhone.Build.0 = Release|Any CPU
		{B331E475-A3EE-456D-AF6F-8AB5D464AE68}.Release|iPhone.Deploy.0 = Release|Any CPU
		{B331E475-A3EE-456D-AF6F-8AB5D464AE68}.Release|iPhoneSimulator.ActiveCfg = Release|Any CPU
		{B331E475-A3EE-456D-AF6F-8AB5D464AE68}.Release|iPhoneSimulator.Build.0 = Release|Any CPU
		{B331E475-A3EE-456D-AF6F-8AB5D464AE68}.Release|iPhoneSimulator.Deploy.0 = Release|Any CPU
		{B331E475-A3EE-456D-AF6F-8AB5D464AE68}.Release|x64.ActiveCfg = Release|Any CPU
		{B331E475-A3EE-456D-AF6F-8AB5D464AE68}.Release|x64.Build.0 = Release|Any CPU
		{B331E475-A3EE-456D-AF6F-8AB5D464AE68}.Release|x64.Deploy.0 = Release|Any CPU
		{B331E475-A3EE-456D-AF6F-8AB5D464AE68}.Release|x86.ActiveCfg = Release|Any CPU
		{B331E475-A3EE-456D-AF6F-8AB5D464AE68}.Release|x86.Build.0 = Release|Any CPU
		{B331E475-A3EE-456D-AF6F-8AB5D464AE68}.Release|x86.Deploy.0 = Release|Any CPU
		{C5EC8894-0CC3-48C5-8AD2-FFF743EEB472}.Ad-Hoc|Any CPU.ActiveCfg = Ad-Hoc|iPhone
		{C5EC8894-0CC3-48C5-8AD2-FFF743EEB472}.Ad-Hoc|Any CPU.Build.0 = Ad-Hoc|iPhone
		{C5EC8894-0CC3-48C5-8AD2-FFF743EEB472}.Ad-Hoc|Any CPU.Deploy.0 = Ad-Hoc|iPhone
		{C5EC8894-0CC3-48C5-8AD2-FFF743EEB472}.Ad-Hoc|ARM.ActiveCfg = Ad-Hoc|iPhone
		{C5EC8894-0CC3-48C5-8AD2-FFF743EEB472}.Ad-Hoc|ARM.Build.0 = Ad-Hoc|iPhone
		{C5EC8894-0CC3-48C5-8AD2-FFF743EEB472}.Ad-Hoc|ARM.Deploy.0 = Ad-Hoc|iPhone
		{C5EC8894-0CC3-48C5-8AD2-FFF743EEB472}.Ad-Hoc|iPhone.ActiveCfg = Ad-Hoc|iPhone
		{C5EC8894-0CC3-48C5-8AD2-FFF743EEB472}.Ad-Hoc|iPhone.Build.0 = Ad-Hoc|iPhone
		{C5EC8894-0CC3-48C5-8AD2-FFF743EEB472}.Ad-Hoc|iPhone.Deploy.0 = Ad-Hoc|iPhone
		{C5EC8894-0CC3-48C5-8AD2-FFF743EEB472}.Ad-Hoc|iPhoneSimulator.ActiveCfg = Ad-Hoc|iPhoneSimulator
		{C5EC8894-0CC3-48C5-8AD2-FFF743EEB472}.Ad-Hoc|iPhoneSimulator.Build.0 = Ad-Hoc|iPhoneSimulator
		{C5EC8894-0CC3-48C5-8AD2-FFF743EEB472}.Ad-Hoc|iPhoneSimulator.Deploy.0 = Ad-Hoc|iPhoneSimulator
		{C5EC8894-0CC3-48C5-8AD2-FFF743EEB472}.Ad-Hoc|x64.ActiveCfg = Ad-Hoc|iPhone
		{C5EC8894-0CC3-48C5-8AD2-FFF743EEB472}.Ad-Hoc|x64.Build.0 = Ad-Hoc|iPhone
		{C5EC8894-0CC3-48C5-8AD2-FFF743EEB472}.Ad-Hoc|x64.Deploy.0 = Ad-Hoc|iPhone
		{C5EC8894-0CC3-48C5-8AD2-FFF743EEB472}.Ad-Hoc|x86.ActiveCfg = Ad-Hoc|iPhone
		{C5EC8894-0CC3-48C5-8AD2-FFF743EEB472}.Ad-Hoc|x86.Build.0 = Ad-Hoc|iPhone
		{C5EC8894-0CC3-48C5-8AD2-FFF743EEB472}.Ad-Hoc|x86.Deploy.0 = Ad-Hoc|iPhone
		{C5EC8894-0CC3-48C5-8AD2-FFF743EEB472}.AppStore|Any CPU.ActiveCfg = AppStore|iPhone
		{C5EC8894-0CC3-48C5-8AD2-FFF743EEB472}.AppStore|Any CPU.Build.0 = AppStore|iPhone
		{C5EC8894-0CC3-48C5-8AD2-FFF743EEB472}.AppStore|Any CPU.Deploy.0 = AppStore|iPhone
		{C5EC8894-0CC3-48C5-8AD2-FFF743EEB472}.AppStore|ARM.ActiveCfg = AppStore|iPhone
		{C5EC8894-0CC3-48C5-8AD2-FFF743EEB472}.AppStore|ARM.Build.0 = AppStore|iPhone
		{C5EC8894-0CC3-48C5-8AD2-FFF743EEB472}.AppStore|ARM.Deploy.0 = AppStore|iPhone
		{C5EC8894-0CC3-48C5-8AD2-FFF743EEB472}.AppStore|iPhone.ActiveCfg = AppStore|iPhone
		{C5EC8894-0CC3-48C5-8AD2-FFF743EEB472}.AppStore|iPhone.Build.0 = AppStore|iPhone
		{C5EC8894-0CC3-48C5-8AD2-FFF743EEB472}.AppStore|iPhone.Deploy.0 = AppStore|iPhone
		{C5EC8894-0CC3-48C5-8AD2-FFF743EEB472}.AppStore|iPhoneSimulator.ActiveCfg = AppStore|iPhoneSimulator
		{C5EC8894-0CC3-48C5-8AD2-FFF743EEB472}.AppStore|iPhoneSimulator.Build.0 = AppStore|iPhoneSimulator
		{C5EC8894-0CC3-48C5-8AD2-FFF743EEB472}.AppStore|iPhoneSimulator.Deploy.0 = AppStore|iPhoneSimulator
		{C5EC8894-0CC3-48C5-8AD2-FFF743EEB472}.AppStore|x64.ActiveCfg = AppStore|iPhone
		{C5EC8894-0CC3-48C5-8AD2-FFF743EEB472}.AppStore|x64.Build.0 = AppStore|iPhone
		{C5EC8894-0CC3-48C5-8AD2-FFF743EEB472}.AppStore|x64.Deploy.0 = AppStore|iPhone
		{C5EC8894-0CC3-48C5-8AD2-FFF743EEB472}.AppStore|x86.ActiveCfg = AppStore|iPhone
		{C5EC8894-0CC3-48C5-8AD2-FFF743EEB472}.AppStore|x86.Build.0 = AppStore|iPhone
		{C5EC8894-0CC3-48C5-8AD2-FFF743EEB472}.AppStore|x86.Deploy.0 = AppStore|iPhone
		{C5EC8894-0CC3-48C5-8AD2-FFF743EEB472}.Debug|Any CPU.ActiveCfg = Debug|iPhoneSimulator
		{C5EC8894-0CC3-48C5-8AD2-FFF743EEB472}.Debug|Any CPU.Build.0 = Debug|iPhoneSimulator
		{C5EC8894-0CC3-48C5-8AD2-FFF743EEB472}.Debug|Any CPU.Deploy.0 = Debug|iPhoneSimulator
		{C5EC8894-0CC3-48C5-8AD2-FFF743EEB472}.Debug|ARM.ActiveCfg = Debug|iPhone
		{C5EC8894-0CC3-48C5-8AD2-FFF743EEB472}.Debug|ARM.Build.0 = Debug|iPhone
		{C5EC8894-0CC3-48C5-8AD2-FFF743EEB472}.Debug|ARM.Deploy.0 = Debug|iPhone
		{C5EC8894-0CC3-48C5-8AD2-FFF743EEB472}.Debug|iPhone.ActiveCfg = Debug|iPhone
		{C5EC8894-0CC3-48C5-8AD2-FFF743EEB472}.Debug|iPhone.Build.0 = Debug|iPhone
		{C5EC8894-0CC3-48C5-8AD2-FFF743EEB472}.Debug|iPhone.Deploy.0 = Debug|iPhone
		{C5EC8894-0CC3-48C5-8AD2-FFF743EEB472}.Debug|iPhoneSimulator.ActiveCfg = Debug|iPhoneSimulator
		{C5EC8894-0CC3-48C5-8AD2-FFF743EEB472}.Debug|iPhoneSimulator.Build.0 = Debug|iPhoneSimulator
		{C5EC8894-0CC3-48C5-8AD2-FFF743EEB472}.Debug|iPhoneSimulator.Deploy.0 = Debug|iPhoneSimulator
		{C5EC8894-0CC3-48C5-8AD2-FFF743EEB472}.Debug|x64.ActiveCfg = Debug|iPhone
		{C5EC8894-0CC3-48C5-8AD2-FFF743EEB472}.Debug|x64.Build.0 = Debug|iPhone
		{C5EC8894-0CC3-48C5-8AD2-FFF743EEB472}.Debug|x64.Deploy.0 = Debug|iPhone
		{C5EC8894-0CC3-48C5-8AD2-FFF743EEB472}.Debug|x86.ActiveCfg = Debug|iPhone
		{C5EC8894-0CC3-48C5-8AD2-FFF743EEB472}.Debug|x86.Build.0 = Debug|iPhone
		{C5EC8894-0CC3-48C5-8AD2-FFF743EEB472}.Debug|x86.Deploy.0 = Debug|iPhone
		{C5EC8894-0CC3-48C5-8AD2-FFF743EEB472}.Release|Any CPU.ActiveCfg = Release|iPhone
		{C5EC8894-0CC3-48C5-8AD2-FFF743EEB472}.Release|Any CPU.Build.0 = Release|iPhone
		{C5EC8894-0CC3-48C5-8AD2-FFF743EEB472}.Release|Any CPU.Deploy.0 = Release|iPhone
		{C5EC8894-0CC3-48C5-8AD2-FFF743EEB472}.Release|ARM.ActiveCfg = Release|iPhone
		{C5EC8894-0CC3-48C5-8AD2-FFF743EEB472}.Release|ARM.Build.0 = Release|iPhone
		{C5EC8894-0CC3-48C5-8AD2-FFF743EEB472}.Release|ARM.Deploy.0 = Release|iPhone
		{C5EC8894-0CC3-48C5-8AD2-FFF743EEB472}.Release|iPhone.ActiveCfg = Release|iPhone
		{C5EC8894-0CC3-48C5-8AD2-FFF743EEB472}.Release|iPhone.Build.0 = Release|iPhone
		{C5EC8894-0CC3-48C5-8AD2-FFF743EEB472}.Release|iPhone.Deploy.0 = Release|iPhone
		{C5EC8894-0CC3-48C5-8AD2-FFF743EEB472}.Release|iPhoneSimulator.ActiveCfg = Release|iPhoneSimulator
		{C5EC8894-0CC3-48C5-8AD2-FFF743EEB472}.Release|iPhoneSimulator.Build.0 = Release|iPhoneSimulator
		{C5EC8894-0CC3-48C5-8AD2-FFF743EEB472}.Release|iPhoneSimulator.Deploy.0 = Release|iPhoneSimulator
		{C5EC8894-0CC3-48C5-8AD2-FFF743EEB472}.Release|x64.ActiveCfg = Release|iPhone
		{C5EC8894-0CC3-48C5-8AD2-FFF743EEB472}.Release|x64.Build.0 = Release|iPhone
		{C5EC8894-0CC3-48C5-8AD2-FFF743EEB472}.Release|x64.Deploy.0 = Release|iPhone
		{C5EC8894-0CC3-48C5-8AD2-FFF743EEB472}.Release|x86.ActiveCfg = Release|iPhone
		{C5EC8894-0CC3-48C5-8AD2-FFF743EEB472}.Release|x86.Build.0 = Release|iPhone
		{C5EC8894-0CC3-48C5-8AD2-FFF743EEB472}.Release|x86.Deploy.0 = Release|iPhone
		{8E5695B8-47CC-44F2-9F2C-730E3684D465}.Ad-Hoc|Any CPU.ActiveCfg = Release|x86
		{8E5695B8-47CC-44F2-9F2C-730E3684D465}.Ad-Hoc|Any CPU.Build.0 = Release|x86
		{8E5695B8-47CC-44F2-9F2C-730E3684D465}.Ad-Hoc|Any CPU.Deploy.0 = Release|x86
		{8E5695B8-47CC-44F2-9F2C-730E3684D465}.Ad-Hoc|ARM.ActiveCfg = Release|ARM
		{8E5695B8-47CC-44F2-9F2C-730E3684D465}.Ad-Hoc|ARM.Build.0 = Release|ARM
		{8E5695B8-47CC-44F2-9F2C-730E3684D465}.Ad-Hoc|ARM.Deploy.0 = Release|ARM
		{8E5695B8-47CC-44F2-9F2C-730E3684D465}.Ad-Hoc|iPhone.ActiveCfg = Release|x86
		{8E5695B8-47CC-44F2-9F2C-730E3684D465}.Ad-Hoc|iPhone.Build.0 = Release|x86
		{8E5695B8-47CC-44F2-9F2C-730E3684D465}.Ad-Hoc|iPhone.Deploy.0 = Release|x86
		{8E5695B8-47CC-44F2-9F2C-730E3684D465}.Ad-Hoc|iPhoneSimulator.ActiveCfg = Release|x86
		{8E5695B8-47CC-44F2-9F2C-730E3684D465}.Ad-Hoc|iPhoneSimulator.Build.0 = Release|x86
		{8E5695B8-47CC-44F2-9F2C-730E3684D465}.Ad-Hoc|iPhoneSimulator.Deploy.0 = Release|x86
		{8E5695B8-47CC-44F2-9F2C-730E3684D465}.Ad-Hoc|x64.ActiveCfg = Release|x64
		{8E5695B8-47CC-44F2-9F2C-730E3684D465}.Ad-Hoc|x64.Build.0 = Release|x64
		{8E5695B8-47CC-44F2-9F2C-730E3684D465}.Ad-Hoc|x64.Deploy.0 = Release|x64
		{8E5695B8-47CC-44F2-9F2C-730E3684D465}.Ad-Hoc|x86.ActiveCfg = Release|x86
		{8E5695B8-47CC-44F2-9F2C-730E3684D465}.Ad-Hoc|x86.Build.0 = Release|x86
		{8E5695B8-47CC-44F2-9F2C-730E3684D465}.Ad-Hoc|x86.Deploy.0 = Release|x86
		{8E5695B8-47CC-44F2-9F2C-730E3684D465}.AppStore|Any CPU.ActiveCfg = Release|x86
		{8E5695B8-47CC-44F2-9F2C-730E3684D465}.AppStore|Any CPU.Build.0 = Release|x86
		{8E5695B8-47CC-44F2-9F2C-730E3684D465}.AppStore|Any CPU.Deploy.0 = Release|x86
		{8E5695B8-47CC-44F2-9F2C-730E3684D465}.AppStore|ARM.ActiveCfg = Release|ARM
		{8E5695B8-47CC-44F2-9F2C-730E3684D465}.AppStore|ARM.Build.0 = Release|ARM
		{8E5695B8-47CC-44F2-9F2C-730E3684D465}.AppStore|ARM.Deploy.0 = Release|ARM
		{8E5695B8-47CC-44F2-9F2C-730E3684D465}.AppStore|iPhone.ActiveCfg = Release|x86
		{8E5695B8-47CC-44F2-9F2C-730E3684D465}.AppStore|iPhone.Build.0 = Release|x86
		{8E5695B8-47CC-44F2-9F2C-730E3684D465}.AppStore|iPhone.Deploy.0 = Release|x86
		{8E5695B8-47CC-44F2-9F2C-730E3684D465}.AppStore|iPhoneSimulator.ActiveCfg = Release|x86
		{8E5695B8-47CC-44F2-9F2C-730E3684D465}.AppStore|iPhoneSimulator.Build.0 = Release|x86
		{8E5695B8-47CC-44F2-9F2C-730E3684D465}.AppStore|iPhoneSimulator.Deploy.0 = Release|x86
		{8E5695B8-47CC-44F2-9F2C-730E3684D465}.AppStore|x64.ActiveCfg = Release|x64
		{8E5695B8-47CC-44F2-9F2C-730E3684D465}.AppStore|x64.Build.0 = Release|x64
		{8E5695B8-47CC-44F2-9F2C-730E3684D465}.AppStore|x64.Deploy.0 = Release|x64
		{8E5695B8-47CC-44F2-9F2C-730E3684D465}.AppStore|x86.ActiveCfg = Release|x86
		{8E5695B8-47CC-44F2-9F2C-730E3684D465}.AppStore|x86.Build.0 = Release|x86
		{8E5695B8-47CC-44F2-9F2C-730E3684D465}.AppStore|x86.Deploy.0 = Release|x86
		{8E5695B8-47CC-44F2-9F2C-730E3684D465}.Debug|Any CPU.ActiveCfg = Debug|x86
		{8E5695B8-47CC-44F2-9F2C-730E3684D465}.Debug|Any CPU.Build.0 = Debug|x86
		{8E5695B8-47CC-44F2-9F2C-730E3684D465}.Debug|Any CPU.Deploy.0 = Debug|x86
		{8E5695B8-47CC-44F2-9F2C-730E3684D465}.Debug|ARM.ActiveCfg = Debug|ARM
		{8E5695B8-47CC-44F2-9F2C-730E3684D465}.Debug|ARM.Build.0 = Debug|ARM
		{8E5695B8-47CC-44F2-9F2C-730E3684D465}.Debug|ARM.Deploy.0 = Debug|ARM
		{8E5695B8-47CC-44F2-9F2C-730E3684D465}.Debug|iPhone.ActiveCfg = Debug|x86
		{8E5695B8-47CC-44F2-9F2C-730E3684D465}.Debug|iPhone.Build.0 = Debug|x86
		{8E5695B8-47CC-44F2-9F2C-730E3684D465}.Debug|iPhone.Deploy.0 = Debug|x86
		{8E5695B8-47CC-44F2-9F2C-730E3684D465}.Debug|iPhoneSimulator.ActiveCfg = Debug|x86
		{8E5695B8-47CC-44F2-9F2C-730E3684D465}.Debug|iPhoneSimulator.Build.0 = Debug|x86
		{8E5695B8-47CC-44F2-9F2C-730E3684D465}.Debug|iPhoneSimulator.Deploy.0 = Debug|x86
		{8E5695B8-47CC-44F2-9F2C-730E3684D465}.Debug|x64.ActiveCfg = Debug|x64
		{8E5695B8-47CC-44F2-9F2C-730E3684D465}.Debug|x64.Build.0 = Debug|x64
		{8E5695B8-47CC-44F2-9F2C-730E3684D465}.Debug|x64.Deploy.0 = Debug|x64
		{8E5695B8-47CC-44F2-9F2C-730E3684D465}.Debug|x86.ActiveCfg = Debug|x86
		{8E5695B8-47CC-44F2-9F2C-730E3684D465}.Debug|x86.Build.0 = Debug|x86
		{8E5695B8-47CC-44F2-9F2C-730E3684D465}.Debug|x86.Deploy.0 = Debug|x86
		{8E5695B8-47CC-44F2-9F2C-730E3684D465}.Release|Any CPU.ActiveCfg = Release|x86
		{8E5695B8-47CC-44F2-9F2C-730E3684D465}.Release|Any CPU.Build.0 = Release|x86
		{8E5695B8-47CC-44F2-9F2C-730E3684D465}.Release|Any CPU.Deploy.0 = Release|x86
		{8E5695B8-47CC-44F2-9F2C-730E3684D465}.Release|ARM.ActiveCfg = Release|ARM
		{8E5695B8-47CC-44F2-9F2C-730E3684D465}.Release|ARM.Build.0 = Release|ARM
		{8E5695B8-47CC-44F2-9F2C-730E3684D465}.Release|ARM.Deploy.0 = Release|ARM
		{8E5695B8-47CC-44F2-9F2C-730E3684D465}.Release|iPhone.ActiveCfg = Release|x86
		{8E5695B8-47CC-44F2-9F2C-730E3684D465}.Release|iPhone.Build.0 = Release|x86
		{8E5695B8-47CC-44F2-9F2C-730E3684D465}.Release|iPhone.Deploy.0 = Release|x86
		{8E5695B8-47CC-44F2-9F2C-730E3684D465}.Release|iPhoneSimulator.ActiveCfg = Release|x86
		{8E5695B8-47CC-44F2-9F2C-730E3684D465}.Release|iPhoneSimulator.Build.0 = Release|x86
		{8E5695B8-47CC-44F2-9F2C-730E3684D465}.Release|iPhoneSimulator.Deploy.0 = Release|x86
		{8E5695B8-47CC-44F2-9F2C-730E3684D465}.Release|x64.ActiveCfg = Release|x64
		{8E5695B8-47CC-44F2-9F2C-730E3684D465}.Release|x64.Build.0 = Release|x64
		{8E5695B8-47CC-44F2-9F2C-730E3684D465}.Release|x64.Deploy.0 = Release|x64
		{8E5695B8-47CC-44F2-9F2C-730E3684D465}.Release|x86.ActiveCfg = Release|x86
		{8E5695B8-47CC-44F2-9F2C-730E3684D465}.Release|x86.Build.0 = Release|x86
		{8E5695B8-47CC-44F2-9F2C-730E3684D465}.Release|x86.Deploy.0 = Release|x86
		{C701C25E-44E4-463F-AD27-EC760C9E8660}.Ad-Hoc|Any CPU.ActiveCfg = Debug|Any CPU
		{C701C25E-44E4-463F-AD27-EC760C9E8660}.Ad-Hoc|Any CPU.Build.0 = Debug|Any CPU
		{C701C25E-44E4-463F-AD27-EC760C9E8660}.Ad-Hoc|Any CPU.Deploy.0 = Debug|Any CPU
		{C701C25E-44E4-463F-AD27-EC760C9E8660}.Ad-Hoc|ARM.ActiveCfg = Debug|Any CPU
		{C701C25E-44E4-463F-AD27-EC760C9E8660}.Ad-Hoc|ARM.Build.0 = Debug|Any CPU
		{C701C25E-44E4-463F-AD27-EC760C9E8660}.Ad-Hoc|ARM.Deploy.0 = Debug|Any CPU
		{C701C25E-44E4-463F-AD27-EC760C9E8660}.Ad-Hoc|iPhone.ActiveCfg = Debug|Any CPU
		{C701C25E-44E4-463F-AD27-EC760C9E8660}.Ad-Hoc|iPhone.Build.0 = Debug|Any CPU
		{C701C25E-44E4-463F-AD27-EC760C9E8660}.Ad-Hoc|iPhone.Deploy.0 = Debug|Any CPU
		{C701C25E-44E4-463F-AD27-EC760C9E8660}.Ad-Hoc|iPhoneSimulator.ActiveCfg = Debug|Any CPU
		{C701C25E-44E4-463F-AD27-EC760C9E8660}.Ad-Hoc|iPhoneSimulator.Build.0 = Debug|Any CPU
		{C701C25E-44E4-463F-AD27-EC760C9E8660}.Ad-Hoc|iPhoneSimulator.Deploy.0 = Debug|Any CPU
		{C701C25E-44E4-463F-AD27-EC760C9E8660}.Ad-Hoc|x64.ActiveCfg = Debug|Any CPU
		{C701C25E-44E4-463F-AD27-EC760C9E8660}.Ad-Hoc|x64.Build.0 = Debug|Any CPU
		{C701C25E-44E4-463F-AD27-EC760C9E8660}.Ad-Hoc|x64.Deploy.0 = Debug|Any CPU
		{C701C25E-44E4-463F-AD27-EC760C9E8660}.Ad-Hoc|x86.ActiveCfg = Debug|Any CPU
		{C701C25E-44E4-463F-AD27-EC760C9E8660}.Ad-Hoc|x86.Build.0 = Debug|Any CPU
		{C701C25E-44E4-463F-AD27-EC760C9E8660}.Ad-Hoc|x86.Deploy.0 = Debug|Any CPU
		{C701C25E-44E4-463F-AD27-EC760C9E8660}.AppStore|Any CPU.ActiveCfg = Debug|Any CPU
		{C701C25E-44E4-463F-AD27-EC760C9E8660}.AppStore|Any CPU.Build.0 = Debug|Any CPU
		{C701C25E-44E4-463F-AD27-EC760C9E8660}.AppStore|Any CPU.Deploy.0 = Debug|Any CPU
		{C701C25E-44E4-463F-AD27-EC760C9E8660}.AppStore|ARM.ActiveCfg = Debug|Any CPU
		{C701C25E-44E4-463F-AD27-EC760C9E8660}.AppStore|ARM.Build.0 = Debug|Any CPU
		{C701C25E-44E4-463F-AD27-EC760C9E8660}.AppStore|ARM.Deploy.0 = Debug|Any CPU
		{C701C25E-44E4-463F-AD27-EC760C9E8660}.AppStore|iPhone.ActiveCfg = Debug|Any CPU
		{C701C25E-44E4-463F-AD27-EC760C9E8660}.AppStore|iPhone.Build.0 = Debug|Any CPU
		{C701C25E-44E4-463F-AD27-EC760C9E8660}.AppStore|iPhone.Deploy.0 = Debug|Any CPU
		{C701C25E-44E4-463F-AD27-EC760C9E8660}.AppStore|iPhoneSimulator.ActiveCfg = Debug|Any CPU
		{C701C25E-44E4-463F-AD27-EC760C9E8660}.AppStore|iPhoneSimulator.Build.0 = Debug|Any CPU
		{C701C25E-44E4-463F-AD27-EC760C9E8660}.AppStore|iPhoneSimulator.Deploy.0 = Debug|Any CPU
		{C701C25E-44E4-463F-AD27-EC760C9E8660}.AppStore|x64.ActiveCfg = Debug|Any CPU
		{C701C25E-44E4-463F-AD27-EC760C9E8660}.AppStore|x64.Build.0 = Debug|Any CPU
		{C701C25E-44E4-463F-AD27-EC760C9E8660}.AppStore|x64.Deploy.0 = Debug|Any CPU
		{C701C25E-44E4-463F-AD27-EC760C9E8660}.AppStore|x86.ActiveCfg = Debug|Any CPU
		{C701C25E-44E4-463F-AD27-EC760C9E8660}.AppStore|x86.Build.0 = Debug|Any CPU
		{C701C25E-44E4-463F-AD27-EC760C9E8660}.AppStore|x86.Deploy.0 = Debug|Any CPU
		{C701C25E-44E4-463F-AD27-EC760C9E8660}.Debug|Any CPU.ActiveCfg = Debug|Any CPU
		{C701C25E-44E4-463F-AD27-EC760C9E8660}.Debug|Any CPU.Build.0 = Debug|Any CPU
		{C701C25E-44E4-463F-AD27-EC760C9E8660}.Debug|Any CPU.Deploy.0 = Debug|Any CPU
		{C701C25E-44E4-463F-AD27-EC760C9E8660}.Debug|ARM.ActiveCfg = Debug|Any CPU
		{C701C25E-44E4-463F-AD27-EC760C9E8660}.Debug|ARM.Build.0 = Debug|Any CPU
		{C701C25E-44E4-463F-AD27-EC760C9E8660}.Debug|ARM.Deploy.0 = Debug|Any CPU
		{C701C25E-44E4-463F-AD27-EC760C9E8660}.Debug|iPhone.ActiveCfg = Debug|Any CPU
		{C701C25E-44E4-463F-AD27-EC760C9E8660}.Debug|iPhone.Build.0 = Debug|Any CPU
		{C701C25E-44E4-463F-AD27-EC760C9E8660}.Debug|iPhone.Deploy.0 = Debug|Any CPU
		{C701C25E-44E4-463F-AD27-EC760C9E8660}.Debug|iPhoneSimulator.ActiveCfg = Debug|Any CPU
		{C701C25E-44E4-463F-AD27-EC760C9E8660}.Debug|iPhoneSimulator.Build.0 = Debug|Any CPU
		{C701C25E-44E4-463F-AD27-EC760C9E8660}.Debug|iPhoneSimulator.Deploy.0 = Debug|Any CPU
		{C701C25E-44E4-463F-AD27-EC760C9E8660}.Debug|x64.ActiveCfg = Debug|Any CPU
		{C701C25E-44E4-463F-AD27-EC760C9E8660}.Debug|x64.Build.0 = Debug|Any CPU
		{C701C25E-44E4-463F-AD27-EC760C9E8660}.Debug|x64.Deploy.0 = Debug|Any CPU
		{C701C25E-44E4-463F-AD27-EC760C9E8660}.Debug|x86.ActiveCfg = Debug|Any CPU
		{C701C25E-44E4-463F-AD27-EC760C9E8660}.Debug|x86.Build.0 = Debug|Any CPU
		{C701C25E-44E4-463F-AD27-EC760C9E8660}.Debug|x86.Deploy.0 = Debug|Any CPU
		{C701C25E-44E4-463F-AD27-EC760C9E8660}.Release|Any CPU.ActiveCfg = Release|Any CPU
		{C701C25E-44E4-463F-AD27-EC760C9E8660}.Release|Any CPU.Build.0 = Release|Any CPU
		{C701C25E-44E4-463F-AD27-EC760C9E8660}.Release|Any CPU.Deploy.0 = Release|Any CPU
		{C701C25E-44E4-463F-AD27-EC760C9E8660}.Release|ARM.ActiveCfg = Release|Any CPU
		{C701C25E-44E4-463F-AD27-EC760C9E8660}.Release|ARM.Build.0 = Release|Any CPU
		{C701C25E-44E4-463F-AD27-EC760C9E8660}.Release|ARM.Deploy.0 = Release|Any CPU
		{C701C25E-44E4-463F-AD27-EC760C9E8660}.Release|iPhone.ActiveCfg = Release|Any CPU
		{C701C25E-44E4-463F-AD27-EC760C9E8660}.Release|iPhone.Build.0 = Release|Any CPU
		{C701C25E-44E4-463F-AD27-EC760C9E8660}.Release|iPhone.Deploy.0 = Release|Any CPU
		{C701C25E-44E4-463F-AD27-EC760C9E8660}.Release|iPhoneSimulator.ActiveCfg = Release|Any CPU
		{C701C25E-44E4-463F-AD27-EC760C9E8660}.Release|iPhoneSimulator.Build.0 = Release|Any CPU
		{C701C25E-44E4-463F-AD27-EC760C9E8660}.Release|iPhoneSimulator.Deploy.0 = Release|Any CPU
		{C701C25E-44E4-463F-AD27-EC760C9E8660}.Release|x64.ActiveCfg = Release|Any CPU
		{C701C25E-44E4-463F-AD27-EC760C9E8660}.Release|x64.Build.0 = Release|Any CPU
		{C701C25E-44E4-463F-AD27-EC760C9E8660}.Release|x64.Deploy.0 = Release|Any CPU
		{C701C25E-44E4-463F-AD27-EC760C9E8660}.Release|x86.ActiveCfg = Release|Any CPU
		{C701C25E-44E4-463F-AD27-EC760C9E8660}.Release|x86.Build.0 = Release|Any CPU
		{C701C25E-44E4-463F-AD27-EC760C9E8660}.Release|x86.Deploy.0 = Release|Any CPU
	EndGlobalSection
	GlobalSection(SolutionProperties) = preSolution
		HideSolutionNode = FALSE
	EndGlobalSection
	GlobalSection(ExtensibilityGlobals) = postSolution
		SolutionGuid = {926DDD87-1D3C-4F2D-87C5-183A20D56592}
	EndGlobalSection
EndGlobal
